{
  "version": "5",
  "specifiers": {
    "npm:@hono/zod-validator@*": "0.4.3_hono@4.12.28_zod@3.25.76",
    "npm:@hono/zod-validator@~0.4.1": "0.4.3_hono@4.12.28_zod@3.25.76",
    "npm:@sentry/deno@*": "7.120.4",
    "npm:@sentry/deno@^7.120.0": "7.120.4",
    "npm:@supabase/supabase-js@*": "2.110.1",
    "npm:@supabase/supabase-js@^2.45.0": "2.110.1",
    "npm:@upstash/ratelimit@*": "2.0.8_@upstash+redis@1.38.0",
    "npm:@upstash/ratelimit@2": "2.0.8_@upstash+redis@1.38.0",
    "npm:@upstash/redis@*": "1.38.0",
    "npm:@upstash/redis@^1.34.0": "1.38.0",
    "npm:drizzle-orm@*": "0.36.4_postgres@3.4.9",
    "npm:drizzle-orm@0.36": "0.36.4_postgres@3.4.9",
    "npm:hono@*": "4.12.28",
    "npm:hono@^4.6.0": "4.12.28",
    "npm:pdf-lib@^1.17.1": "1.17.1",
    "npm:postgres@*": "3.4.9",
    "npm:postgres@^3.4.0": "3.4.9",
    "npm:razorpay@*": "2.9.6",
    "npm:zod@*": "3.25.76",
    "npm:zod@^3.23.0": "3.25.76"
  },
  "npm": {
    "@hono/zod-validator@0.4.3_hono@4.12.28_zod@3.25.76": {
      "integrity": "sha512-xIgMYXDyJ4Hj6ekm9T9Y27s080Nl9NXHcJkOvkXPhubOLj8hZkOL8pDnnXfvCf5xEE8Q4oMFenQUZZREUY2gqQ==",
      "dependencies": [
        "hono",
        "zod"
      ]
    },
    "@pdf-lib/standard-fonts@1.0.0": {
      "integrity": "sha512-hU30BK9IUN/su0Mn9VdlVKsWBS6GyhVfqjwl1FjZN4TxP6cCw0jP2w7V3Hf5uX7M0AZJ16vey9yE0ny7Sa59ZA==",
      "dependencies": [
        "pako"
      ]
    },
    "@pdf-lib/upng@1.0.1": {
      "integrity": "sha512-dQK2FUMQtowVP00mtIksrlZhdFXQZPC+taih1q4CvPZ5vqdxR/LKBaFg0oAfzd1GlHZXXSPdQfzQnt+ViGvEIQ==",
      "dependencies": [
        "pako"
      ]
    },
    "@sentry-internal/feedback@7.120.4": {
      "integrity": "sha512-eSwgvTdrh03zYYaI6UVOjI9p4VmKg6+c2+CBQfRZX++6wwnCVsNv7XF7WUIpVGBAkJ0N2oapjQmCzJKGKBRWQg==",
      "dependencies": [
        "@sentry/core",
        "@sentry/types",
        "@sentry/utils"
      ]
    },
    "@sentry-internal/replay-canvas@7.120.4": {
      "integrity": "sha512-2+W4CgUL1VzrPjArbTid4WhKh7HH21vREVilZdvffQPVwOEpgNTPAb69loQuTlhJVveh9hWTj2nE5UXLbLP+AA==",
      "dependencies": [
        "@sentry/core",
        "@sentry/replay",
        "@sentry/types",
        "@sentry/utils"
      ]
    },
    "@sentry-internal/tracing@7.120.4": {
      "integrity": "sha512-Fz5+4XCg3akeoFK+K7g+d7HqGMjmnLoY2eJlpONJmaeT9pXY7yfUyXKZMmMajdE2LxxKJgQ2YKvSCaGVamTjHw==",
      "dependencies": [
        "@sentry/core",
        "@sentry/types",
        "@sentry/utils"
      ]
    },
    "@sentry/browser@7.120.4": {
      "integrity": "sha512-ymlNtIPG6HAKzM/JXpWVGCzCNufZNADfy+O/olZuVJW5Be1DtOFyRnBvz0LeKbmxJbXb2lX/XMhuen6PXPdoQw==",
      "dependencies": [
        "@sentry-internal/feedback",
        "@sentry-internal/replay-canvas",
        "@sentry-internal/tracing",
        "@sentry/core",
        "@sentry/integrations",
        "@sentry/replay",
        "@sentry/types",
        "@sentry/utils"
      ]
    },
    "@sentry/core@7.120.4": {
      "integrity": "sha512-TXu3Q5kKiq8db9OXGkWyXUbIxMMuttB5vJ031yolOl5T/B69JRyAoKuojLBjRv1XX583gS1rSSoX8YXX7ATFGA==",
      "dependencies": [
        "@sentry/types",
        "@sentry/utils"
      ]
    },
    "@sentry/deno@7.120.4": {
      "integrity": "sha512-oPAFIc8NSRvyr0VdVgcuJ7Zrf/qu3NxsInRoiFwsiS+mMz8c61RMPyusrFEepaWtCylVb+y6Ta64CAIQoMSp2w==",
      "dependencies": [
        "@sentry/browser",
        "@sentry/core",
        "@sentry/integrations",
        "@sentry/types",
        "@sentry/utils"
      ]
    },
    "@sentry/integrations@7.120.4": {
      "integrity": "sha512-kkBTLk053XlhDCg7OkBQTIMF4puqFibeRO3E3YiVc4PGLnocXMaVpOSCkMqAc1k1kZ09UgGi8DxfQhnFEjUkpA==",
      "dependencies": [
        "@sentry/core",
        "@sentry/types",
        "@sentry/utils",
        "localforage"
      ]
    },
    "@sentry/replay@7.120.4": {
      "integrity": "sha512-FW8sPenNFfnO/K7sncsSTX4rIVak9j7VUiLIagJrcqZIC7d1dInFNjy8CdVJUlyz3Y3TOgIl3L3+ZpjfyMnaZg==",
      "dependencies": [
        "@sentry-internal/tracing",
        "@sentry/core",
        "@sentry/types",
        "@sentry/utils"
      ]
    },
    "@sentry/types@7.120.4": {
      "integrity": "sha512-cUq2hSSe6/qrU6oZsEP4InMI5VVdD86aypE+ENrQ6eZEVLTCYm1w6XhW1NvIu3UuWh7gZec4a9J7AFpYxki88Q=="
    },
    "@sentry/utils@7.120.4": {
      "integrity": "sha512-zCKpyDIWKHwtervNK2ZlaK8mMV7gVUijAgFeJStH+CU/imcdquizV3pFLlSQYRswG+Lbyd6CT/LGRh3IbtkCFw==",
      "dependencies": [
        "@sentry/types"
      ]
    },
    "@supabase/auth-js@2.110.1": {
      "integrity": "sha512-8EJUoRoqzAYWkieHrLCrGrxs3cBbRB94xK8GzHe0aSLlSa4mt1enYLCiMgLiKJOF8GNYeX6PLTBNef0XAhILgw==",
      "dependencies": [
        "tslib@2.8.1"
      ]
    },
    "@supabase/functions-js@2.110.1": {
      "integrity": "sha512-Pm9HD9Qth6zQO0aOGZ3DxYb6QlCzrkTkP6eUEOvhTlbvcvYRDSCZXIJ5dkDLpqxD+gdrXfWDFOpU9BpRKYjsIQ==",
      "dependencies": [
        "tslib@2.8.1"
      ]
    },
    "@supabase/phoenix@0.4.4": {
      "integrity": "sha512-Gt0pqoXuIqX/8dvG0OKp/wMCobXNH3klNbUPBNyOfN0YA1IswrM3HyWFMOPk1Jy+BRaIyDPcFx4jLBwHNmlyfQ=="
    },
    "@supabase/postgrest-js@2.110.1": {
      "integrity": "sha512-BILNhS40oGlP2bn/VJjh/1hCyrWNMmpGZGcCrPvqd5R3s8gf8Bd5qyKoHZdMwTKynGCuJGjagRXa069abhibMw==",
      "dependencies": [
        "tslib@2.8.1"
      ]
    },
    "@supabase/realtime-js@2.110.1": {
      "integrity": "sha512-JmWCpMoe2iJPNrXIdHqIvf2Mie6NfSuWHS9Ve6YCmLkn1mNl3vrK3a67IukJ5lPjgmAzB+jFagyMz2oSIX+Xnw==",
      "dependencies": [
        "@supabase/phoenix",
        "tslib@2.8.1"
      ]
    },
    "@supabase/storage-js@2.110.1": {
      "integrity": "sha512-UqJGzhFMiIRBe8vT7a6ZtrN2U5YufH4Tk9nyc9KKfa2TUtV11BkSg/v3lyy/c4A8SbekVH3UywTF0s42zpF4zw==",
      "dependencies": [
        "iceberg-js",
        "tslib@2.8.1"
      ]
    },
    "@supabase/supabase-js@2.110.1": {
      "integrity": "sha512-MiJh0THZgyAvTWm91FOLknjH5dYjXRKOdxpuUsyTVZVXIf7FxCShzevIm4KGCubHRU2n25Gyt8PhTXIFzcD9FA==",
      "dependencies": [
        "@supabase/auth-js",
        "@supabase/functions-js",
        "@supabase/postgrest-js",
        "@supabase/realtime-js",
        "@supabase/storage-js"
      ]
    },
    "@upstash/core-analytics@0.0.10": {
      "integrity": "sha512-7qJHGxpQgQr9/vmeS1PktEwvNAF7TI4iJDi8Pu2CFZ9YUGHZH4fOP5TfYlZ4aVxfopnELiE4BS4FBjyK7V1/xQ==",
      "dependencies": [
        "@upstash/redis"
      ]
    },
    "@upstash/ratelimit@2.0.8_@upstash+redis@1.38.0": {
      "integrity": "sha512-YSTMBJ1YIxsoPkUMX/P4DDks/xV5YYCswWMamU8ZIfK9ly6ppjRnVOyBhMDXBmzjODm4UQKcxsJPvaeFAijp5w==",
      "dependencies": [
        "@upstash/core-analytics",
        "@upstash/redis"
      ]
    },
    "@upstash/redis@1.38.0": {
      "integrity": "sha512-wu+dZBptlLy0+MCUEoHmzrY/TnmgDey3+c7EbIGwrLqAvkP8yi5MWZHYGIFtAygmL4Bkz2TdFu+eU0vFPncIcg==",
      "dependencies": [
        "uncrypto"
      ]
    },
    "agent-base@6.0.2": {
      "integrity": "sha512-RZNwNclF7+MS/8bDg70amg32dyeZGZxiDuQmZxKLAlQjr3jGyLx+4Kkk58UO7D2QdgFIQCovuSuZESne6RG6XQ==",
      "dependencies": [
        "debug"
      ]
    },
    "asynckit@0.4.0": {
      "integrity": "sha512-Oei9OH4tRh0YqU3GxhX79dM/mwVgvbZJaSNaRk+bshkj0S5cfHcgYakreBjrHwatXKbz+IoIdYLxrKim2MjW0Q=="
    },
    "axios@1.18.1": {
      "integrity": "sha512-3nTvFlvpn9Zu/RkHUqtc7/+al4UpRW5az71ap5zccp6e8RAYEzhMTecX8Dz1wWDYrPpUoB1HAQEGEAEvUr7S9g==",
      "dependencies": [
        "follow-redirects",
        "form-data",
        "https-proxy-agent",
        "proxy-from-env"
      ]
    },
    "call-bind-apply-helpers@1.0.2": {
      "integrity": "sha512-Sp1ablJ0ivDkSzjcaJdxEunN5/XvksFJ2sMBFfq6x0ryhQV/2b/KwFe21cMpmHtPOSij8K99/wSfoEuTObmuMQ==",
      "dependencies": [
        "es-errors",
        "function-bind"
      ]
    },
    "combined-stream@1.0.8": {
      "integrity": "sha512-FQN4MRfuJeHf7cBbBMJFXhKSDq+2kAArBlmRBvcvFE5BB1HZKXtSFASDhdlz9zOYwxh8lDdnvmMOe/+5cdoEdg==",
      "dependencies": [
        "delayed-stream"
      ]
    },
    "debug@4.4.3": {
      "integrity": "sha512-RGwwWnwQvkVfavKVt22FGLw+xYSdzARwm0ru6DhTVA3umU5hZc28V3kO4stgYryrTlLpuvgI9GiijltAjNbcqA==",
      "dependencies": [
        "ms"
      ]
    },
    "delayed-stream@1.0.0": {
      "integrity": "sha512-ZySD7Nf91aLB0RxL4KGrKHBXl7Eds1DAmEdcoVawXnLD7SDhpNgtuII2aAkg7a7QS41jxPSZ17p4VdGnMHk3MQ=="
    },
    "drizzle-orm@0.36.4_postgres@3.4.9": {
      "integrity": "sha512-1OZY3PXD7BR00Gl61UUOFihslDldfH4NFRH2MbP54Yxi0G/PKn4HfO65JYZ7c16DeP3SpM3Aw+VXVG9j6CRSXA==",
      "dependencies": [
        "postgres"
      ],
      "optionalPeers": [
        "postgres"
      ]
    },
    "dunder-proto@1.0.1": {
      "integrity": "sha512-KIN/nDJBQRcXw0MLVhZE9iQHmG68qAVIBg9CqmUYjmQIhgij9U5MFvrqkUL5FbtyyzZuOeOt0zdeRe4UY7ct+A==",
      "dependencies": [
        "call-bind-apply-helpers",
        "es-errors",
        "gopd"
      ]
    },
    "es-define-property@1.0.1": {
      "integrity": "sha512-e3nRfgfUZ4rNGL232gUgX06QNyyez04KdjFrF+LTRoOXmrOgFKDg4BCdsjW8EnT69eqdYGmRpJwiPVYNrCaW3g=="
    },
    "es-errors@1.3.0": {
      "integrity": "sha512-Zf5H2Kxt2xjTvbJvP2ZWLEICxA6j+hAmMzIlypy4xcBg1vKVnx89Wy0GbS+kf5cwCVFFzdCFh2XSCFNULS6csw=="
    },
    "es-object-atoms@1.1.2": {
      "integrity": "sha512-HWcBoN6NileqtSydK2FqHbS/LoDd2pqrnQHLyJzBj4kOp/ky2MWMN694xOfkK8/SnUsW2DH7EfyVlydKCsm1Zw==",
      "dependencies": [
        "es-errors"
      ]
    },
    "es-set-tostringtag@2.1.0": {
      "integrity": "sha512-j6vWzfrGVfyXxge+O0x5sh6cvxAog0a/4Rdd2K36zCMV5eJ+/+tOAngRO8cODMNWbVRdVlmGZQL2YS3yR8bIUA==",
      "dependencies": [
        "es-errors",
        "get-intrinsic",
        "has-tostringtag",
        "hasown"
      ]
    },
    "follow-redirects@1.16.0": {
      "integrity": "sha512-y5rN/uOsadFT/JfYwhxRS5R7Qce+g3zG97+JrtFZlC9klX/W5hD7iiLzScI4nZqUS7DNUdhPgw4xI8W2LuXlUw=="
    },
    "form-data@4.0.6": {
      "integrity": "sha512-vKatAh4SlVfgbv+YtmhiRjhEMJsYpsG1Y2rMQtR+SVSbytsSD1YGzDIcrAJmdFec88u/+VoGmxnl+80gL1tRCQ==",
      "dependencies": [
        "asynckit",
        "combined-stream",
        "es-set-tostringtag",
        "hasown",
        "mime-types"
      ]
    },
    "function-bind@1.1.2": {
      "integrity": "sha512-7XHNxH7qX9xG5mIwxkhumTox/MIRNcOgDrxWsMt2pAr23WHp6MrRlN7FBSFpCpr+oVO0F744iUgR82nJMfG2SA=="
    },
    "get-intrinsic@1.3.0": {
      "integrity": "sha512-9fSjSaos/fRIVIp+xSJlE6lfwhES7LNtKaCBIamHsjr2na1BiABJPo0mOjjz8GJDURarmCPGqaiVg5mfjb98CQ==",
      "dependencies": [
        "call-bind-apply-helpers",
        "es-define-property",
        "es-errors",
        "es-object-atoms",
        "function-bind",
        "get-proto",
        "gopd",
        "has-symbols",
        "hasown",
        "math-intrinsics"
      ]
    },
    "get-proto@1.0.1": {
      "integrity": "sha512-sTSfBjoXBp89JvIKIefqw7U2CCebsc74kiY6awiGogKtoSGbgjYE/G/+l9sF3MWFPNc9IcoOC4ODfKHfxFmp0g==",
      "dependencies": [
        "dunder-proto",
        "es-object-atoms"
      ]
    },
    "gopd@1.2.0": {
      "integrity": "sha512-ZUKRh6/kUFoAiTAtTYPZJ3hw9wNxx+BIBOijnlG9PnrJsCcSjs1wyyD6vJpaYtgnzDrKYRSqf3OO6Rfa93xsRg=="
    },
    "has-symbols@1.1.0": {
      "integrity": "sha512-1cDNdwJ2Jaohmb3sg4OmKaMBwuC48sYni5HUw2DvsC8LjGTLK9h+eb1X6RyuOHe4hT0ULCW68iomhjUoKUqlPQ=="
    },
    "has-tostringtag@1.0.2": {
      "integrity": "sha512-NqADB8VjPFLM2V0VvHUewwwsw0ZWBaIdgo+ieHtK3hasLz4qeCRjYcqfB6AQrBggRKppKF8L52/VqdVsO47Dlw==",
      "dependencies": [
        "has-symbols"
      ]
    },
    "hasown@2.0.4": {
      "integrity": "sha512-T2UbfbBEF32wiepXIsMlTW9+dDYC6wMh/t/vYA4tuOMKqWz/n3vr1NFSxQiyP+zk2mXsoMA/i/7qV6LKut1t1A==",
      "dependencies": [
        "function-bind"
      ]
    },
    "hono@4.12.28": {
      "integrity": "sha512-YwUvVpSF7m1yOblFPrU3Hbo8XhPheBoiyfGuII6z19LnOr6JpDnyyp7LFNrfV56wS8tpvtBFGRISHN02pDdLOA=="
    },
    "https-proxy-agent@5.0.1": {
      "integrity": "sha512-dFcAjpTQFgoLMzC2VwU+C/CbS7uRL0lWmxDITmqm7C+7F0Odmj6s9l6alZc6AELXhrnggM2CeWSXHGOdX2YtwA==",
      "dependencies": [
        "agent-base",
        "debug"
      ]
    },
    "iceberg-js@0.8.1": {
      "integrity": "sha512-1dhVQZXhcHje7798IVM+xoo/1ZdVfzOMIc8/rgVSijRK38EDqOJoGula9N/8ZI5RD8QTxNQtK/Gozpr+qUqRRA=="
    },
    "immediate@3.0.6": {
      "integrity": "sha512-XXOFtyqDjNDAQxVfYxuF7g9Il/IbWmmlQg2MYKOH8ExIT1qg6xc4zyS3HaEEATgs1btfzxq15ciUiY7gjSXRGQ=="
    },
    "lie@3.1.1": {
      "integrity": "sha512-RiNhHysUjhrDQntfYSfY4MU24coXXdEOgw9WGcKHNeEwffDYbF//u87M1EWaMGzuFoSbqW0C9C6lEEhDOAswfw==",
      "dependencies": [
        "immediate"
      ]
    },
    "localforage@1.10.0": {
      "integrity": "sha512-14/H1aX7hzBBmmh7sGPd+AOMkkIrHM3Z1PAyGgZigA1H1p5O5ANnMyWzvpAETtG68/dC4pC0ncy3+PPGzXZHPg==",
      "dependencies": [
        "lie"
      ]
    },
    "math-intrinsics@1.1.0": {
      "integrity": "sha512-/IXtbwEk5HTPyEwyKX6hGkYXxM9nbj64B+ilVJnC/R6B0pH5G4V3b0pVbL7DBj4tkhBAppbQUlf6F6Xl9LHu1g=="
    },
    "mime-db@1.52.0": {
      "integrity": "sha512-sPU4uV7dYlvtWJxwwxHD0PuihVNiE7TyAbQ5SWxDCB9mUYvOgroQOwYQQOKPJ8CIbE+1ETVlOoK1UC2nU3gYvg=="
    },
    "mime-types@2.1.35": {
      "integrity": "sha512-ZDY+bPm5zTTF+YpCrAU9nK0UgICYPT0QtT1NZWFv4s++TNkcgVaT0g6+4R2uI4MjQjzysHB1zxuWL50hzaeXiw==",
      "dependencies": [
        "mime-db"
      ]
    },
    "ms@2.1.3": {
      "integrity": "sha512-6FlzubTLZG3J2a/NVCAleEhjzq5oxgHyaCU9yYXvcLsvoVaHJq/s5xXI6/XXP6tz7R9xAOtHnSO/tXtF3WRTlA=="
    },
    "pako@1.0.11": {
      "integrity": "sha512-4hLB8Py4zZce5s4yd9XzopqwVv/yGNhV1Bl8NTmCq1763HeK2+EwVTv+leGeL13Dnh2wfbqowVPXCIO0z4taYw=="
    },
    "pdf-lib@1.17.1": {
      "integrity": "sha512-V/mpyJAoTsN4cnP31vc0wfNA1+p20evqqnap0KLoRUN0Yk/p3wN52DOEsL4oBFcLdb76hlpKPtzJIgo67j/XLw==",
      "dependencies": [
        "@pdf-lib/standard-fonts",
        "@pdf-lib/upng",
        "pako",
        "tslib@1.14.1"
      ]
    },
    "postgres@3.4.9": {
      "integrity": "sha512-GD3qdB0x1z9xgFI6cdRD6xu2Sp2WCOEoe3mtnyB5Ee0XrrL5Pe+e4CCnJrRMnL1zYtRDZmQQVbvOttLnKDLnaw=="
    },
    "proxy-from-env@2.1.0": {
      "integrity": "sha512-cJ+oHTW1VAEa8cJslgmUZrc+sjRKgAKl3Zyse6+PV38hZe/V6Z14TbCuXcan9F9ghlz4QrFr2c92TNF82UkYHA=="
    },
    "razorpay@2.9.6": {
      "integrity": "sha512-zsHAQzd6e1Cc6BNoCNZQaf65ElL6O6yw0wulxmoG5VQDr363fZC90Mp1V5EktVzG45yPyNomNXWlf4cQ3622gQ==",
      "dependencies": [
        "axios"
      ]
    },
    "tslib@1.14.1": {
      "integrity": "sha512-Xni35NKzjgMrwevysHTCArtLDpPvye8zV/0E4EyYn43P7/7qvQwPh9BGkHewbMulVntbigmcT7rdX3BNo9wRJg=="
    },
    "tslib@2.8.1": {
      "integrity": "sha512-oJFu94HQb+KVduSUQL7wnpmqnfmLsOA/nAh6b6EH0wCEoK0/mPeXU6c3wKDV83MkOuHPRHtSXKKU99IBazS/2w=="
    },
    "uncrypto@0.1.3": {
      "integrity": "sha512-Ql87qFHB3s/De2ClA9e0gsnS6zXG27SkTiSJwjCc9MebbfapQfuPzumMIUMi38ezPZVNFcHI9sUIepeQfw8J8Q=="
    },
    "zod@3.25.76": {
      "integrity": "sha512-gzUt/qt81nXsFGKIFcC3YnfEAx5NkunCfnDlvuBSSFS02bcXu4Lmea0AFIUwbLWxWPx3d9p8S5QoaujKcNQxcQ=="
    }
  },
  "redirects": {
    "https://esm.sh/pdf-lib@^1.17.1": "https://esm.sh/pdf-lib@1.17.1"
  },
  "remote": {
    "https://esm.sh/pdf-lib@1.17.1": "cf7c5527829cb9bbb3aa20d339c530067441c10eb98880360aea9e77c3c87ff8"
  },
  "workspace": {
    "dependencies": [
      "npm:@hono/zod-validator@~0.4.1",
      "npm:@sentry/deno@^7.120.0",
      "npm:@supabase/supabase-js@^2.45.0",
      "npm:@upstash/ratelimit@2",
      "npm:@upstash/redis@^1.34.0",
      "npm:drizzle-orm@0.36",
      "npm:hono@^4.6.0",
      "npm:pdf-lib@^1.17.1",
      "npm:postgres@^3.4.0",
      "npm:razorpay@^2.9.0",
      "npm:zod@^3.23.0"
    ]
  }
}
